
Microsoft Visual Studio Solution File, Format Version 12.00
# Visual Studio Version 17
VisualStudioVersion = 17.6.33829.357
MinimumVisualStudioVersion = 10.0.40219.1
Project("{9A19103F-16F7-4668-BE54-9A1E7A4F7556}") = "PryDesarrolloAppsDueño", "PryDesarrolloAppsDueño\PryDesarrolloAppsDueño.csproj", "{9BB80BF1-1059-4AC0-A428-FDBFBA33CED7}"
EndProject
Global
	GlobalSection(SolutionConfigurationPlatforms) = preSolution
		Debug|Any CPU = Debug|Any CPU
		Release|Any CPU = Release|Any CPU
	EndGlobalSection
	GlobalSection(ProjectConfigurationPlatforms) = postSolution
		{9BB80BF1-1059-4AC0-A428-FDBFBA33CED7}.Debug|Any CPU.ActiveCfg = Debug|Any CPU
		{9BB80BF1-1059-4AC0-A428-FDBFBA33CED7}.Debug|Any CPU.Build.0 = Debug|Any CPU
		{9BB80BF1-1059-4AC0-A428-FDBFBA33CED7}.Release|Any CPU.ActiveCfg = Release|Any CPU
		{9BB80BF1-1059-4AC0-A428-FDBFBA33CED7}.Release|Any CPU.Build.0 = Release|Any CPU
	EndGlobalSection
	GlobalSection(SolutionProperties) = preSolution
		HideSolutionNode = FALSE
	EndGlobalSection
	GlobalSection(ExtensibilityGlobals) = postSolution
		SolutionGuid = {BE352F7C-8984-4FAE-AD4D-66EC8CE19F3E}
	EndGlobalSection
EndGlobal
